
Microsoft Visual Studio Solution File, Format Version 12.00
# Visual Studio Version 17
VisualStudioVersion = 17.13.35919.96
MinimumVisualStudioVersion = 10.0.40219.1
Project("{8BC9CEB8-8B4A-11D0-8D11-00A0C91BC942}") = "GateServer", "GateServer.vcxproj", "{C8A49A97-A734-4D3A-9D13-F7838DA14AE6}"
EndProject
Project("{2150E333-8FDC-42A3-9474-1A3956D46DE8}") = "NewFolder1", "NewFolder1", "{02EA681E-C7D8-13C7-8484-4AC65E1B71E8}"
EndProject
Project("{8BC9CEB8-8B4A-11D0-8D11-00A0C91BC942}") = "My_wechat", "..\..\develop\Qtcode\My_wechat\My_wechat\My_wechat.vcxproj", "{A6FA1BE4-1B7E-4147-BCEB-A117E3A7EE6A}"
EndProject
Global
	GlobalSection(SolutionConfigurationPlatforms) = preSolution
		Debug|x64 = Debug|x64
		Debug|x86 = Debug|x86
		Release|x64 = Release|x64
		Release|x86 = Release|x86
	EndGlobalSection
	GlobalSection(ProjectConfigurationPlatforms) = postSolution
		{C8A49A97-A734-4D3A-9D13-F7838DA14AE6}.Debug|x64.ActiveCfg = Debug|x64
		{C8A49A97-A734-4D3A-9D13-F7838DA14AE6}.Debug|x64.Build.0 = Debug|x64
		{C8A49A97-A734-4D3A-9D13-F7838DA14AE6}.Debug|x86.ActiveCfg = Debug|Win32
		{C8A49A97-A734-4D3A-9D13-F7838DA14AE6}.Debug|x86.Build.0 = Debug|Win32
		{C8A49A97-A734-4D3A-9D13-F7838DA14AE6}.Release|x64.ActiveCfg = Release|x64
		{C8A49A97-A734-4D3A-9D13-F7838DA14AE6}.Release|x64.Build.0 = Release|x64
		{C8A49A97-A734-4D3A-9D13-F7838DA14AE6}.Release|x86.ActiveCfg = Release|Win32
		{C8A49A97-A734-4D3A-9D13-F7838DA14AE6}.Release|x86.Build.0 = Release|Win32
		{A6FA1BE4-1B7E-4147-BCEB-A117E3A7EE6A}.Debug|x64.ActiveCfg = Debug|x64
		{A6FA1BE4-1B7E-4147-BCEB-A117E3A7EE6A}.Debug|x64.Build.0 = Debug|x64
		{A6FA1BE4-1B7E-4147-BCEB-A117E3A7EE6A}.Debug|x86.ActiveCfg = Debug|x64
		{A6FA1BE4-1B7E-4147-BCEB-A117E3A7EE6A}.Debug|x86.Build.0 = Debug|x64
		{A6FA1BE4-1B7E-4147-BCEB-A117E3A7EE6A}.Release|x64.ActiveCfg = Release|x64
		{A6FA1BE4-1B7E-4147-BCEB-A117E3A7EE6A}.Release|x64.Build.0 = Release|x64
		{A6FA1BE4-1B7E-4147-BCEB-A117E3A7EE6A}.Release|x86.ActiveCfg = Release|x64
		{A6FA1BE4-1B7E-4147-BCEB-A117E3A7EE6A}.Release|x86.Build.0 = Release|x64
	EndGlobalSection
	GlobalSection(SolutionProperties) = preSolution
		HideSolutionNode = FALSE
	EndGlobalSection
	GlobalSection(ExtensibilityGlobals) = postSolution
		SolutionGuid = {C779A80B-5321-43BD-A063-248A4A4ABCFD}
	EndGlobalSection
EndGlobal
